
Microsoft Visual Studio Solution File, Format Version 12.00
# Visual Studio Version 16
VisualStudioVersion = 16.0.29519.87
MinimumVisualStudioVersion = 10.0.40219.1
Project("{2150E333-8FDC-42A3-9474-1A3956D46DE8}") = "DigitalAsset", "DigitalAsset", "{994A210D-D1E9-4EAA-9883-D14DEF5FF51C}"
EndProject
Project("{9A19103F-16F7-4668-BE54-9A1E7A4F7556}") = "We.Sparkie.DigitalAsset.Api", "We.Sparkie.DigitalAsset.Api\We.Sparkie.DigitalAsset.Api.csproj", "{9B437D59-7677-4618-94A5-AD5BEEE97220}"
EndProject
Project("{9A19103F-16F7-4668-BE54-9A1E7A4F7556}") = "We.Sparkie.DigitalAsset.Tests", "We.Sparkie.DigitalAsset.Tests\We.Sparkie.DigitalAsset.Tests.csproj", "{7D64C0AE-49DB-48B5-AA07-72127039DFF6}"
EndProject
Project("{E53339B2-1760-4266-BCC7-CA923CBCF16C}") = "docker-compose", "docker-compose.dcproj", "{94EB6CD2-0337-490F-87A1-CFA7F5299CCC}"
EndProject
Global
	GlobalSection(SolutionConfigurationPlatforms) = preSolution
		Debug|Any CPU = Debug|Any CPU
		Release|Any CPU = Release|Any CPU
	EndGlobalSection
	GlobalSection(ProjectConfigurationPlatforms) = postSolution
		{9B437D59-7677-4618-94A5-AD5BEEE97220}.Debug|Any CPU.ActiveCfg = Debug|Any CPU
		{9B437D59-7677-4618-94A5-AD5BEEE97220}.Debug|Any CPU.Build.0 = Debug|Any CPU
		{9B437D59-7677-4618-94A5-AD5BEEE97220}.Release|Any CPU.ActiveCfg = Release|Any CPU
		{9B437D59-7677-4618-94A5-AD5BEEE97220}.Release|Any CPU.Build.0 = Release|Any CPU
		{7D64C0AE-49DB-48B5-AA07-72127039DFF6}.Debug|Any CPU.ActiveCfg = Debug|Any CPU
		{7D64C0AE-49DB-48B5-AA07-72127039DFF6}.Debug|Any CPU.Build.0 = Debug|Any CPU
		{7D64C0AE-49DB-48B5-AA07-72127039DFF6}.Release|Any CPU.ActiveCfg = Release|Any CPU
		{7D64C0AE-49DB-48B5-AA07-72127039DFF6}.Release|Any CPU.Build.0 = Release|Any CPU
		{94EB6CD2-0337-490F-87A1-CFA7F5299CCC}.Debug|Any CPU.ActiveCfg = Debug|Any CPU
		{94EB6CD2-0337-490F-87A1-CFA7F5299CCC}.Debug|Any CPU.Build.0 = Debug|Any CPU
		{94EB6CD2-0337-490F-87A1-CFA7F5299CCC}.Release|Any CPU.ActiveCfg = Release|Any CPU
		{94EB6CD2-0337-490F-87A1-CFA7F5299CCC}.Release|Any CPU.Build.0 = Release|Any CPU
	EndGlobalSection
	GlobalSection(SolutionProperties) = preSolution
		HideSolutionNode = FALSE
	EndGlobalSection
	GlobalSection(NestedProjects) = preSolution
		{9B437D59-7677-4618-94A5-AD5BEEE97220} = {994A210D-D1E9-4EAA-9883-D14DEF5FF51C}
		{7D64C0AE-49DB-48B5-AA07-72127039DFF6} = {994A210D-D1E9-4EAA-9883-D14DEF5FF51C}
	EndGlobalSection
	GlobalSection(ExtensibilityGlobals) = postSolution
		SolutionGuid = {BDB383F0-E3E1-4B66-94A5-A5D04BA29077}
	EndGlobalSection
EndGlobal
